
Microsoft Visual Studio Solution File, Format Version 12.00
# Visual Studio Version 16
VisualStudioVersion = 16.0.29519.87
MinimumVisualStudioVersion = 10.0.40219.1
Project("{FAE04EC0-301F-11D3-BF4B-00C04F79EFBC}") = "PasswordManagerProject", "PasswordManagerProject\PasswordManagerProject.csproj", "{2BE3EFFE-6664-450E-8572-AF56D7398AC2}"
EndProject
Global
	GlobalSection(SolutionConfigurationPlatforms) = preSolution
		Debug|Any CPU = Debug|Any CPU
		Release|Any CPU = Release|Any CPU
	EndGlobalSection
	GlobalSection(ProjectConfigurationPlatforms) = postSolution
		{2BE3EFFE-6664-450E-8572-AF56D7398AC2}.Debug|Any CPU.ActiveCfg = Debug|Any CPU
		{2BE3EFFE-6664-450E-8572-AF56D7398AC2}.Debug|Any CPU.Build.0 = Debug|Any CPU
		{2BE3EFFE-6664-450E-8572-AF56D7398AC2}.Release|Any CPU.ActiveCfg = Release|Any CPU
		{2BE3EFFE-6664-450E-8572-AF56D7398AC2}.Release|Any CPU.Build.0 = Release|Any CPU
	EndGlobalSection
	GlobalSection(SolutionProperties) = preSolution
		HideSolutionNode = FALSE
	EndGlobalSection
	GlobalSection(ExtensibilityGlobals) = postSolution
		SolutionGuid = {5697B8BF-F1FD-4549-BFA7-3349A7A76CDA}
	EndGlobalSection
EndGlobal
